
Microsoft Visual Studio Solution File, Format Version 12.00
# Visual Studio 2012
Project("{FAE04EC0-301F-11D3-BF4B-00C04F79EFBC}") = "GreenScan", "GreenScan\GreenScan.csproj", "{02146335-DE7D-4A10-87EE-AE6FFB00455C}"
EndProject
Project("{FAE04EC0-301F-11D3-BF4B-00C04F79EFBC}") = "GreenSettings", "GreenSettings\GreenSettings.csproj", "{79E48D1D-2D71-4544-AD04-505929D0DBB4}"
EndProject
Project("{8BC9CEB8-8B4A-11D0-8D11-00A0C91BC942}") = "GreenGraphics", "GreenGraphics\GreenGraphics.vcxproj", "{5F930999-CA86-4AC7-826D-F9A8ADE7A7B0}"
EndProject
Project("{FAE04EC0-301F-11D3-BF4B-00C04F79EFBC}") = "GreenTest", "GreenTest\GreenTest.csproj", "{DE10109E-3B53-4933-B07F-48EFD7165F67}"
EndProject
Project("{FAE04EC0-301F-11D3-BF4B-00C04F79EFBC}") = "MakePalettes", "MakePalettes\MakePalettes.csproj", "{1F69FAE4-7EBD-47F2-9A85-F25784765F0F}"
EndProject
Project("{FAE04EC0-301F-11D3-BF4B-00C04F79EFBC}") = "GreenMath", "GreenMath\GreenMath.csproj", "{3848E35D-4C46-4592-83B6-FE7FC770953E}"
EndProject
Project("{FAE04EC0-301F-11D3-BF4B-00C04F79EFBC}") = "Turntables", "Turntables\Turntables.csproj", "{126148CB-FABD-4B3B-A813-CAABBE42ACB7}"
EndProject
Project("{FAE04EC0-301F-11D3-BF4B-00C04F79EFBC}") = "Excalibur", "Excalibur\Excalibur.csproj", "{A28574A6-9821-4302-879A-90BA5DB978ED}"
EndProject
Project("{FAE04EC0-301F-11D3-BF4B-00C04F79EFBC}") = "GreenRemote", "GreenRemote\GreenRemote.csproj", "{67A1CAEE-A2E5-412E-9DF2-CAAAF1D14204}"
EndProject
Project("{FAE04EC0-301F-11D3-BF4B-00C04F79EFBC}") = "ExcaliburSecurity", "ExcaliburSecurity\ExcaliburSecurity.csproj", "{74EFF223-D844-4B0D-83E8-FDA526EC5C6B}"
EndProject
Project("{FAE04EC0-301F-11D3-BF4B-00C04F79EFBC}") = "AxodoxUpdater", "AxodoxUpdater\AxodoxUpdater.csproj", "{6B6BE228-B539-4E58-B8DA-9EDEA6E08DB8}"
EndProject
Project("{8BC9CEB8-8B4A-11D0-8D11-00A0C91BC942}") = "GreenRemoteWin32", "GreenRemoteWin32\GreenRemoteWin32.vcxproj", "{CF9289FD-132F-4885-8CBC-E6B89AF222CB}"
EndProject
Project("{8BC9CEB8-8B4A-11D0-8D11-00A0C91BC942}") = "GreenRemoteTest", "GreenRemoteTest\GreenRemoteTest.vcxproj", "{D4D775F0-38FB-422A-9796-5D9A836A1591}"
	ProjectSection(ProjectDependencies) = postProject
		{CF9289FD-132F-4885-8CBC-E6B89AF222CB} = {CF9289FD-132F-4885-8CBC-E6B89AF222CB}
	EndProjectSection
EndProject
Global
	GlobalSection(TeamFoundationVersionControl) = preSolution
		SccNumberOfProjects = 14
		SccEnterpriseProvider = {4CA58AB2-18FA-4F8D-95D4-32DDF27D184C}
		SccTeamFoundationServer = https://axodox.visualstudio.com/defaultcollection
		SccLocalPath0 = .
		SccProjectUniqueName1 = GreenGraphics\\GreenGraphics.vcxproj
		SccProjectName1 = GreenGraphics
		SccLocalPath1 = GreenGraphics
		SccProjectUniqueName2 = GreenScan\\GreenScan.csproj
		SccProjectName2 = GreenScan
		SccLocalPath2 = GreenScan
		SccProjectUniqueName3 = GreenSettings\\GreenSettings.csproj
		SccProjectName3 = GreenSettings
		SccLocalPath3 = GreenSettings
		SccProjectUniqueName4 = GreenTest\\GreenTest.csproj
		SccProjectName4 = GreenTest
		SccLocalPath4 = GreenTest
		SccProjectUniqueName5 = MakePalettes\\MakePalettes.csproj
		SccProjectName5 = MakePalettes
		SccLocalPath5 = MakePalettes
		SccProjectUniqueName6 = GreenMath\\GreenMath.csproj
		SccProjectName6 = GreenMath
		SccLocalPath6 = GreenMath
		SccProjectUniqueName7 = Turntables\\Turntables.csproj
		SccProjectName7 = Turntables
		SccLocalPath7 = Turntables
		SccProjectUniqueName8 = Excalibur\\Excalibur.csproj
		SccProjectName8 = Excalibur
		SccLocalPath8 = Excalibur
		SccProjectUniqueName9 = GreenRemote\\GreenRemote.csproj
		SccProjectName9 = GreenRemote
		SccLocalPath9 = GreenRemote
		SccProjectUniqueName10 = ExcaliburSecurity\\ExcaliburSecurity.csproj
		SccProjectName10 = ExcaliburSecurity
		SccLocalPath10 = ExcaliburSecurity
		SccProjectUniqueName11 = AxodoxUpdater\\AxodoxUpdater.csproj
		SccProjectName11 = AxodoxUpdater
		SccLocalPath11 = AxodoxUpdater
		SccProjectUniqueName12 = GreenRemoteWin32\\GreenRemoteWin32.vcxproj
		SccProjectName12 = GreenRemoteWin32
		SccLocalPath12 = GreenRemoteWin32
		SccProjectUniqueName13 = GreenRemoteTest\\GreenRemoteTest.vcxproj
		SccProjectName13 = GreenRemoteTest
		SccLocalPath13 = GreenRemoteTest
	EndGlobalSection
	GlobalSection(SolutionConfigurationPlatforms) = preSolution
		Debug|Any CPU = Debug|Any CPU
		Debug|Mixed Platforms = Debug|Mixed Platforms
		Debug|Win32 = Debug|Win32
		Debug|x86 = Debug|x86
		Release|Any CPU = Release|Any CPU
		Release|Mixed Platforms = Release|Mixed Platforms
		Release|Win32 = Release|Win32
		Release|x86 = Release|x86
	EndGlobalSection
	GlobalSection(ProjectConfigurationPlatforms) = postSolution
		{02146335-DE7D-4A10-87EE-AE6FFB00455C}.Debug|Any CPU.ActiveCfg = Debug|Any CPU
		{02146335-DE7D-4A10-87EE-AE6FFB00455C}.Debug|Any CPU.Build.0 = Debug|Any CPU
		{02146335-DE7D-4A10-87EE-AE6FFB00455C}.Debug|Mixed Platforms.ActiveCfg = Debug|Any CPU
		{02146335-DE7D-4A10-87EE-AE6FFB00455C}.Debug|Mixed Platforms.Build.0 = Debug|Any CPU
		{02146335-DE7D-4A10-87EE-AE6FFB00455C}.Debug|Win32.ActiveCfg = Debug|Any CPU
		{02146335-DE7D-4A10-87EE-AE6FFB00455C}.Debug|x86.ActiveCfg = Debug|Any CPU
		{02146335-DE7D-4A10-87EE-AE6FFB00455C}.Debug|x86.Build.0 = Debug|Any CPU
		{02146335-DE7D-4A10-87EE-AE6FFB00455C}.Release|Any CPU.ActiveCfg = Release|Any CPU
		{02146335-DE7D-4A10-87EE-AE6FFB00455C}.Release|Any CPU.Build.0 = Release|Any CPU
		{02146335-DE7D-4A10-87EE-AE6FFB00455C}.Release|Mixed Platforms.ActiveCfg = Release|Any CPU
		{02146335-DE7D-4A10-87EE-AE6FFB00455C}.Release|Mixed Platforms.Build.0 = Release|Any CPU
		{02146335-DE7D-4A10-87EE-AE6FFB00455C}.Release|Win32.ActiveCfg = Release|Any CPU
		{02146335-DE7D-4A10-87EE-AE6FFB00455C}.Release|x86.ActiveCfg = Release|Any CPU
		{02146335-DE7D-4A10-87EE-AE6FFB00455C}.Release|x86.Build.0 = Release|Any CPU
		{79E48D1D-2D71-4544-AD04-505929D0DBB4}.Debug|Any CPU.ActiveCfg = Debug|Any CPU
		{79E48D1D-2D71-4544-AD04-505929D0DBB4}.Debug|Any CPU.Build.0 = Debug|Any CPU
		{79E48D1D-2D71-4544-AD04-505929D0DBB4}.Debug|Mixed Platforms.ActiveCfg = Debug|Any CPU
		{79E48D1D-2D71-4544-AD04-505929D0DBB4}.Debug|Mixed Platforms.Build.0 = Debug|Any CPU
		{79E48D1D-2D71-4544-AD04-505929D0DBB4}.Debug|Win32.ActiveCfg = Debug|Any CPU
		{79E48D1D-2D71-4544-AD04-505929D0DBB4}.Debug|x86.ActiveCfg = Debug|Any CPU
		{79E48D1D-2D71-4544-AD04-505929D0DBB4}.Debug|x86.Build.0 = Debug|Any CPU
		{79E48D1D-2D71-4544-AD04-505929D0DBB4}.Release|Any CPU.ActiveCfg = Release|Any CPU
		{79E48D1D-2D71-4544-AD04-505929D0DBB4}.Release|Any CPU.Build.0 = Release|Any CPU
		{79E48D1D-2D71-4544-AD04-505929D0DBB4}.Release|Mixed Platforms.ActiveCfg = Release|Any CPU
		{79E48D1D-2D71-4544-AD04-505929D0DBB4}.Release|Mixed Platforms.Build.0 = Release|Any CPU
		{79E48D1D-2D71-4544-AD04-505929D0DBB4}.Release|Win32.ActiveCfg = Release|Any CPU
		{79E48D1D-2D71-4544-AD04-505929D0DBB4}.Release|x86.ActiveCfg = Release|Any CPU
		{79E48D1D-2D71-4544-AD04-505929D0DBB4}.Release|x86.Build.0 = Release|Any CPU
		{5F930999-CA86-4AC7-826D-F9A8ADE7A7B0}.Debug|Any CPU.ActiveCfg = Debug|Win32
		{5F930999-CA86-4AC7-826D-F9A8ADE7A7B0}.Debug|Mixed Platforms.ActiveCfg = Debug|Win32
		{5F930999-CA86-4AC7-826D-F9A8ADE7A7B0}.Debug|Mixed Platforms.Build.0 = Debug|Win32
		{5F930999-CA86-4AC7-826D-F9A8ADE7A7B0}.Debug|Win32.ActiveCfg = Debug|Win32
		{5F930999-CA86-4AC7-826D-F9A8ADE7A7B0}.Debug|Win32.Build.0 = Debug|Win32
		{5F930999-CA86-4AC7-826D-F9A8ADE7A7B0}.Debug|x86.ActiveCfg = Debug|Win32
		{5F930999-CA86-4AC7-826D-F9A8ADE7A7B0}.Debug|x86.Build.0 = Debug|Win32
		{5F930999-CA86-4AC7-826D-F9A8ADE7A7B0}.Release|Any CPU.ActiveCfg = Release|Win32
		{5F930999-CA86-4AC7-826D-F9A8ADE7A7B0}.Release|Mixed Platforms.ActiveCfg = Release|Win32
		{5F930999-CA86-4AC7-826D-F9A8ADE7A7B0}.Release|Mixed Platforms.Build.0 = Release|Win32
		{5F930999-CA86-4AC7-826D-F9A8ADE7A7B0}.Release|Win32.ActiveCfg = Release|Win32
		{5F930999-CA86-4AC7-826D-F9A8ADE7A7B0}.Release|Win32.Build.0 = Release|Win32
		{5F930999-CA86-4AC7-826D-F9A8ADE7A7B0}.Release|x86.ActiveCfg = Release|Win32
		{5F930999-CA86-4AC7-826D-F9A8ADE7A7B0}.Release|x86.Build.0 = Release|Win32
		{DE10109E-3B53-4933-B07F-48EFD7165F67}.Debug|Any CPU.ActiveCfg = Debug|Any CPU
		{DE10109E-3B53-4933-B07F-48EFD7165F67}.Debug|Any CPU.Build.0 = Debug|Any CPU
		{DE10109E-3B53-4933-B07F-48EFD7165F67}.Debug|Mixed Platforms.ActiveCfg = Debug|Any CPU
		{DE10109E-3B53-4933-B07F-48EFD7165F67}.Debug|Mixed Platforms.Build.0 = Debug|Any CPU
		{DE10109E-3B53-4933-B07F-48EFD7165F67}.Debug|Win32.ActiveCfg = Debug|Any CPU
		{DE10109E-3B53-4933-B07F-48EFD7165F67}.Debug|x86.ActiveCfg = Debug|Any CPU
		{DE10109E-3B53-4933-B07F-48EFD7165F67}.Debug|x86.Build.0 = Debug|Any CPU
		{DE10109E-3B53-4933-B07F-48EFD7165F67}.Release|Any CPU.ActiveCfg = Release|Any CPU
		{DE10109E-3B53-4933-B07F-48EFD7165F67}.Release|Any CPU.Build.0 = Release|Any CPU
		{DE10109E-3B53-4933-B07F-48EFD7165F67}.Release|Mixed Platforms.ActiveCfg = Release|Any CPU
		{DE10109E-3B53-4933-B07F-48EFD7165F67}.Release|Mixed Platforms.Build.0 = Release|Any CPU
		{DE10109E-3B53-4933-B07F-48EFD7165F67}.Release|Win32.ActiveCfg = Release|Any CPU
		{DE10109E-3B53-4933-B07F-48EFD7165F67}.Release|x86.ActiveCfg = Release|Any CPU
		{DE10109E-3B53-4933-B07F-48EFD7165F67}.Release|x86.Build.0 = Release|Any CPU
		{1F69FAE4-7EBD-47F2-9A85-F25784765F0F}.Debug|Any CPU.ActiveCfg = Debug|Any CPU
		{1F69FAE4-7EBD-47F2-9A85-F25784765F0F}.Debug|Any CPU.Build.0 = Debug|Any CPU
		{1F69FAE4-7EBD-47F2-9A85-F25784765F0F}.Debug|Mixed Platforms.ActiveCfg = Debug|Any CPU
		{1F69FAE4-7EBD-47F2-9A85-F25784765F0F}.Debug|Mixed Platforms.Build.0 = Debug|Any CPU
		{1F69FAE4-7EBD-47F2-9A85-F25784765F0F}.Debug|Win32.ActiveCfg = Debug|Any CPU
		{1F69FAE4-7EBD-47F2-9A85-F25784765F0F}.Debug|x86.ActiveCfg = Debug|Any CPU
		{1F69FAE4-7EBD-47F2-9A85-F25784765F0F}.Debug|x86.Build.0 = Debug|Any CPU
		{1F69FAE4-7EBD-47F2-9A85-F25784765F0F}.Release|Any CPU.ActiveCfg = Release|Any CPU
		{1F69FAE4-7EBD-47F2-9A85-F25784765F0F}.Release|Any CPU.Build.0 = Release|Any CPU
		{1F69FAE4-7EBD-47F2-9A85-F25784765F0F}.Release|Mixed Platforms.ActiveCfg = Release|Any CPU
		{1F69FAE4-7EBD-47F2-9A85-F25784765F0F}.Release|Mixed Platforms.Build.0 = Release|Any CPU
		{1F69FAE4-7EBD-47F2-9A85-F25784765F0F}.Release|Win32.ActiveCfg = Release|Any CPU
		{1F69FAE4-7EBD-47F2-9A85-F25784765F0F}.Release|x86.ActiveCfg = Release|Any CPU
		{1F69FAE4-7EBD-47F2-9A85-F25784765F0F}.Release|x86.Build.0 = Release|Any CPU
		{3848E35D-4C46-4592-83B6-FE7FC770953E}.Debug|Any CPU.ActiveCfg = Debug|Any CPU
		{3848E35D-4C46-4592-83B6-FE7FC770953E}.Debug|Any CPU.Build.0 = Debug|Any CPU
		{3848E35D-4C46-4592-83B6-FE7FC770953E}.Debug|Mixed Platforms.ActiveCfg = Debug|Any CPU
		{3848E35D-4C46-4592-83B6-FE7FC770953E}.Debug|Mixed Platforms.Build.0 = Debug|Any CPU
		{3848E35D-4C46-4592-83B6-FE7FC770953E}.Debug|Win32.ActiveCfg = Debug|Any CPU
		{3848E35D-4C46-4592-83B6-FE7FC770953E}.Debug|x86.ActiveCfg = Debug|Any CPU
		{3848E35D-4C46-4592-83B6-FE7FC770953E}.Debug|x86.Build.0 = Debug|Any CPU
		{3848E35D-4C46-4592-83B6-FE7FC770953E}.Release|Any CPU.ActiveCfg = Release|Any CPU
		{3848E35D-4C46-4592-83B6-FE7FC770953E}.Release|Any CPU.Build.0 = Release|Any CPU
		{3848E35D-4C46-4592-83B6-FE7FC770953E}.Release|Mixed Platforms.ActiveCfg = Release|Any CPU
		{3848E35D-4C46-4592-83B6-FE7FC770953E}.Release|Mixed Platforms.Build.0 = Release|Any CPU
		{3848E35D-4C46-4592-83B6-FE7FC770953E}.Release|Win32.ActiveCfg = Release|Any CPU
		{3848E35D-4C46-4592-83B6-FE7FC770953E}.Release|x86.ActiveCfg = Release|Any CPU
		{3848E35D-4C46-4592-83B6-FE7FC770953E}.Release|x86.Build.0 = Release|Any CPU
		{126148CB-FABD-4B3B-A813-CAABBE42ACB7}.Debug|Any CPU.ActiveCfg = Debug|Any CPU
		{126148CB-FABD-4B3B-A813-CAABBE42ACB7}.Debug|Any CPU.Build.0 = Debug|Any CPU
		{126148CB-FABD-4B3B-A813-CAABBE42ACB7}.Debug|Mixed Platforms.ActiveCfg = Debug|Any CPU
		{126148CB-FABD-4B3B-A813-CAABBE42ACB7}.Debug|Mixed Platforms.Build.0 = Debug|Any CPU
		{126148CB-FABD-4B3B-A813-CAABBE42ACB7}.Debug|Win32.ActiveCfg = Debug|Any CPU
		{126148CB-FABD-4B3B-A813-CAABBE42ACB7}.Debug|x86.ActiveCfg = Debug|Any CPU
		{126148CB-FABD-4B3B-A813-CAABBE42ACB7}.Debug|x86.Build.0 = Debug|Any CPU
		{126148CB-FABD-4B3B-A813-CAABBE42ACB7}.Release|Any CPU.ActiveCfg = Release|Any CPU
		{126148CB-FABD-4B3B-A813-CAABBE42ACB7}.Release|Any CPU.Build.0 = Release|Any CPU
		{126148CB-FABD-4B3B-A813-CAABBE42ACB7}.Release|Mixed Platforms.ActiveCfg = Release|Any CPU
		{126148CB-FABD-4B3B-A813-CAABBE42ACB7}.Release|Mixed Platforms.Build.0 = Release|Any CPU
		{126148CB-FABD-4B3B-A813-CAABBE42ACB7}.Release|Win32.ActiveCfg = Release|Any CPU
		{126148CB-FABD-4B3B-A813-CAABBE42ACB7}.Release|x86.ActiveCfg = Release|Any CPU
		{126148CB-FABD-4B3B-A813-CAABBE42ACB7}.Release|x86.Build.0 = Release|Any CPU
		{A28574A6-9821-4302-879A-90BA5DB978ED}.Debug|Any CPU.ActiveCfg = Debug|Any CPU
		{A28574A6-9821-4302-879A-90BA5DB978ED}.Debug|Any CPU.Build.0 = Debug|Any CPU
		{A28574A6-9821-4302-879A-90BA5DB978ED}.Debug|Mixed Platforms.ActiveCfg = Debug|Any CPU
		{A28574A6-9821-4302-879A-90BA5DB978ED}.Debug|Mixed Platforms.Build.0 = Debug|Any CPU
		{A28574A6-9821-4302-879A-90BA5DB978ED}.Debug|Win32.ActiveCfg = Debug|Any CPU
		{A28574A6-9821-4302-879A-90BA5DB978ED}.Debug|x86.ActiveCfg = Debug|Any CPU
		{A28574A6-9821-4302-879A-90BA5DB978ED}.Debug|x86.Build.0 = Debug|Any CPU
		{A28574A6-9821-4302-879A-90BA5DB978ED}.Release|Any CPU.ActiveCfg = Release|Any CPU
		{A28574A6-9821-4302-879A-90BA5DB978ED}.Release|Any CPU.Build.0 = Release|Any CPU
		{A28574A6-9821-4302-879A-90BA5DB978ED}.Release|Mixed Platforms.ActiveCfg = Release|Any CPU
		{A28574A6-9821-4302-879A-90BA5DB978ED}.Release|Mixed Platforms.Build.0 = Release|Any CPU
		{A28574A6-9821-4302-879A-90BA5DB978ED}.Release|Win32.ActiveCfg = Release|Any CPU
		{A28574A6-9821-4302-879A-90BA5DB978ED}.Release|x86.ActiveCfg = Release|Any CPU
		{A28574A6-9821-4302-879A-90BA5DB978ED}.Release|x86.Build.0 = Release|Any CPU
		{67A1CAEE-A2E5-412E-9DF2-CAAAF1D14204}.Debug|Any CPU.ActiveCfg = Debug|Any CPU
		{67A1CAEE-A2E5-412E-9DF2-CAAAF1D14204}.Debug|Any CPU.Build.0 = Debug|Any CPU
		{67A1CAEE-A2E5-412E-9DF2-CAAAF1D14204}.Debug|Mixed Platforms.ActiveCfg = Debug|Any CPU
		{67A1CAEE-A2E5-412E-9DF2-CAAAF1D14204}.Debug|Mixed Platforms.Build.0 = Debug|Any CPU
		{67A1CAEE-A2E5-412E-9DF2-CAAAF1D14204}.Debug|Win32.ActiveCfg = Debug|Any CPU
		{67A1CAEE-A2E5-412E-9DF2-CAAAF1D14204}.Debug|x86.ActiveCfg = Debug|Any CPU
		{67A1CAEE-A2E5-412E-9DF2-CAAAF1D14204}.Debug|x86.Build.0 = Debug|Any CPU
		{67A1CAEE-A2E5-412E-9DF2-CAAAF1D14204}.Release|Any CPU.ActiveCfg = Release|Any CPU
		{67A1CAEE-A2E5-412E-9DF2-CAAAF1D14204}.Release|Any CPU.Build.0 = Release|Any CPU
		{67A1CAEE-A2E5-412E-9DF2-CAAAF1D14204}.Release|Mixed Platforms.ActiveCfg = Release|Any CPU
		{67A1CAEE-A2E5-412E-9DF2-CAAAF1D14204}.Release|Mixed Platforms.Build.0 = Release|Any CPU
		{67A1CAEE-A2E5-412E-9DF2-CAAAF1D14204}.Release|Win32.ActiveCfg = Release|Any CPU
		{67A1CAEE-A2E5-412E-9DF2-CAAAF1D14204}.Release|x86.ActiveCfg = Release|Any CPU
		{67A1CAEE-A2E5-412E-9DF2-CAAAF1D14204}.Release|x86.Build.0 = Release|Any CPU
		{74EFF223-D844-4B0D-83E8-FDA526EC5C6B}.Debug|Any CPU.ActiveCfg = Debug|Any CPU
		{74EFF223-D844-4B0D-83E8-FDA526EC5C6B}.Debug|Any CPU.Build.0 = Debug|Any CPU
		{74EFF223-D844-4B0D-83E8-FDA526EC5C6B}.Debug|Mixed Platforms.ActiveCfg = Debug|Any CPU
		{74EFF223-D844-4B0D-83E8-FDA526EC5C6B}.Debug|Mixed Platforms.Build.0 = Debug|Any CPU
		{74EFF223-D844-4B0D-83E8-FDA526EC5C6B}.Debug|Win32.ActiveCfg = Debug|Any CPU
		{74EFF223-D844-4B0D-83E8-FDA526EC5C6B}.Debug|x86.ActiveCfg = Debug|Any CPU
		{74EFF223-D844-4B0D-83E8-FDA526EC5C6B}.Debug|x86.Build.0 = Debug|Any CPU
		{74EFF223-D844-4B0D-83E8-FDA526EC5C6B}.Release|Any CPU.ActiveCfg = Release|Any CPU
		{74EFF223-D844-4B0D-83E8-FDA526EC5C6B}.Release|Any CPU.Build.0 = Release|Any CPU
		{74EFF223-D844-4B0D-83E8-FDA526EC5C6B}.Release|Mixed Platforms.ActiveCfg = Release|Any CPU
		{74EFF223-D844-4B0D-83E8-FDA526EC5C6B}.Release|Mixed Platforms.Build.0 = Release|Any CPU
		{74EFF223-D844-4B0D-83E8-FDA526EC5C6B}.Release|Win32.ActiveCfg = Release|Any CPU
		{74EFF223-D844-4B0D-83E8-FDA526EC5C6B}.Release|x86.ActiveCfg = Release|Any CPU
		{74EFF223-D844-4B0D-83E8-FDA526EC5C6B}.Release|x86.Build.0 = Release|Any CPU
		{6B6BE228-B539-4E58-B8DA-9EDEA6E08DB8}.Debug|Any CPU.ActiveCfg = Debug|Any CPU
		{6B6BE228-B539-4E58-B8DA-9EDEA6E08DB8}.Debug|Any CPU.Build.0 = Debug|Any CPU
		{6B6BE228-B539-4E58-B8DA-9EDEA6E08DB8}.Debug|Mixed Platforms.ActiveCfg = Debug|Any CPU
		{6B6BE228-B539-4E58-B8DA-9EDEA6E08DB8}.Debug|Mixed Platforms.Build.0 = Debug|Any CPU
		{6B6BE228-B539-4E58-B8DA-9EDEA6E08DB8}.Debug|Win32.ActiveCfg = Debug|Any CPU
		{6B6BE228-B539-4E58-B8DA-9EDEA6E08DB8}.Debug|x86.ActiveCfg = Debug|Any CPU
		{6B6BE228-B539-4E58-B8DA-9EDEA6E08DB8}.Debug|x86.Build.0 = Debug|Any CPU
		{6B6BE228-B539-4E58-B8DA-9EDEA6E08DB8}.Release|Any CPU.ActiveCfg = Release|Any CPU
		{6B6BE228-B539-4E58-B8DA-9EDEA6E08DB8}.Release|Any CPU.Build.0 = Release|Any CPU
		{6B6BE228-B539-4E58-B8DA-9EDEA6E08DB8}.Release|Mixed Platforms.ActiveCfg = Release|Any CPU
		{6B6BE228-B539-4E58-B8DA-9EDEA6E08DB8}.Release|Mixed Platforms.Build.0 = Release|Any CPU
		{6B6BE228-B539-4E58-B8DA-9EDEA6E08DB8}.Release|Win32.ActiveCfg = Release|Any CPU
		{6B6BE228-B539-4E58-B8DA-9EDEA6E08DB8}.Release|x86.ActiveCfg = Release|Any CPU
		{6B6BE228-B539-4E58-B8DA-9EDEA6E08DB8}.Release|x86.Build.0 = Release|Any CPU
		{CF9289FD-132F-4885-8CBC-E6B89AF222CB}.Debug|Any CPU.ActiveCfg = Debug|Win32
		{CF9289FD-132F-4885-8CBC-E6B89AF222CB}.Debug|Mixed Platforms.ActiveCfg = Debug|Win32
		{CF9289FD-132F-4885-8CBC-E6B89AF222CB}.Debug|Mixed Platforms.Build.0 = Debug|Win32
		{CF9289FD-132F-4885-8CBC-E6B89AF222CB}.Debug|Win32.ActiveCfg = Debug|Win32
		{CF9289FD-132F-4885-8CBC-E6B89AF222CB}.Debug|Win32.Build.0 = Debug|Win32
		{CF9289FD-132F-4885-8CBC-E6B89AF222CB}.Debug|x86.ActiveCfg = Debug|Win32
		{CF9289FD-132F-4885-8CBC-E6B89AF222CB}.Debug|x86.Build.0 = Debug|Win32
		{CF9289FD-132F-4885-8CBC-E6B89AF222CB}.Release|Any CPU.ActiveCfg = Release|Win32
		{CF9289FD-132F-4885-8CBC-E6B89AF222CB}.Release|Mixed Platforms.ActiveCfg = Release|Win32
		{CF9289FD-132F-4885-8CBC-E6B89AF222CB}.Release|Mixed Platforms.Build.0 = Release|Win32
		{CF9289FD-132F-4885-8CBC-E6B89AF222CB}.Release|Win32.ActiveCfg = Release|Win32
		{CF9289FD-132F-4885-8CBC-E6B89AF222CB}.Release|Win32.Build.0 = Release|Win32
		{CF9289FD-132F-4885-8CBC-E6B89AF222CB}.Release|x86.ActiveCfg = Release|Win32
		{CF9289FD-132F-4885-8CBC-E6B89AF222CB}.Release|x86.Build.0 = Release|Win32
		{D4D775F0-38FB-422A-9796-5D9A836A1591}.Debug|Any CPU.ActiveCfg = Debug|Win32
		{D4D775F0-38FB-422A-9796-5D9A836A1591}.Debug|Mixed Platforms.ActiveCfg = Debug|Win32
		{D4D775F0-38FB-422A-9796-5D9A836A1591}.Debug|Mixed Platforms.Build.0 = Debug|Win32
		{D4D775F0-38FB-422A-9796-5D9A836A1591}.Debug|Win32.ActiveCfg = Debug|Win32
		{D4D775F0-38FB-422A-9796-5D9A836A1591}.Debug|Win32.Build.0 = Debug|Win32
		{D4D775F0-38FB-422A-9796-5D9A836A1591}.Debug|x86.ActiveCfg = Debug|Win32
		{D4D775F0-38FB-422A-9796-5D9A836A1591}.Debug|x86.Build.0 = Debug|Win32
		{D4D775F0-38FB-422A-9796-5D9A836A1591}.Release|Any CPU.ActiveCfg = Release|Win32
		{D4D775F0-38FB-422A-9796-5D9A836A1591}.Release|Mixed Platforms.ActiveCfg = Release|Win32
		{D4D775F0-38FB-422A-9796-5D9A836A1591}.Release|Mixed Platforms.Build.0 = Release|Win32
		{D4D775F0-38FB-422A-9796-5D9A836A1591}.Release|Win32.ActiveCfg = Release|Win32
		{D4D775F0-38FB-422A-9796-5D9A836A1591}.Release|Win32.Build.0 = Release|Win32
		{D4D775F0-38FB-422A-9796-5D9A836A1591}.Release|x86.ActiveCfg = Release|Win32
		{D4D775F0-38FB-422A-9796-5D9A836A1591}.Release|x86.Build.0 = Release|Win32
	EndGlobalSection
	GlobalSection(SolutionProperties) = preSolution
		HideSolutionNode = FALSE
	EndGlobalSection
	GlobalSection(Performance) = preSolution
		HasPerformanceSessions = true
	EndGlobalSection
EndGlobal
